
Microsoft Visual Studio Solution File, Format Version 12.00
# Visual Studio 15
VisualStudioVersion = 15.0.28307.1209
MinimumVisualStudioVersion = 10.0.40219.1
Project("{FAE04EC0-301F-11D3-BF4B-00C04F79EFBC}") = "SampleWF", "SampleWF\SampleWF.csproj", "{0AFA56D6-4515-44A9-A279-3475CDEB743E}"
EndProject
Project("{FAE04EC0-301F-11D3-BF4B-00C04F79EFBC}") = "SampleWPF", "SampleWPF\SampleWPF.csproj", "{4095AAF8-D575-4B93-A309-A0287F45FB83}"
EndProject
Global
	GlobalSection(SolutionConfigurationPlatforms) = preSolution
		Debug|Any CPU = Debug|Any CPU
		Release|Any CPU = Release|Any CPU
	EndGlobalSection
	GlobalSection(ProjectConfigurationPlatforms) = postSolution
		{0AFA56D6-4515-44A9-A279-3475CDEB743E}.Debug|Any CPU.ActiveCfg = Debug|Any CPU
		{0AFA56D6-4515-44A9-A279-3475CDEB743E}.Debug|Any CPU.Build.0 = Debug|Any CPU
		{0AFA56D6-4515-44A9-A279-3475CDEB743E}.Release|Any CPU.ActiveCfg = Release|Any CPU
		{0AFA56D6-4515-44A9-A279-3475CDEB743E}.Release|Any CPU.Build.0 = Release|Any CPU
		{4095AAF8-D575-4B93-A309-A0287F45FB83}.Debug|Any CPU.ActiveCfg = Debug|Any CPU
		{4095AAF8-D575-4B93-A309-A0287F45FB83}.Debug|Any CPU.Build.0 = Debug|Any CPU
		{4095AAF8-D575-4B93-A309-A0287F45FB83}.Release|Any CPU.ActiveCfg = Release|Any CPU
		{4095AAF8-D575-4B93-A309-A0287F45FB83}.Release|Any CPU.Build.0 = Release|Any CPU
	EndGlobalSection
	GlobalSection(SolutionProperties) = preSolution
		HideSolutionNode = FALSE
	EndGlobalSection
	GlobalSection(ExtensibilityGlobals) = postSolution
		SolutionGuid = {3C792A30-E3CE-49EF-B91C-0D81764EE4B6}
	EndGlobalSection
EndGlobal
